
Microsoft Visual Studio Solution File, Format Version 12.00
# Visual Studio Version 16
VisualStudioVersion = 16.0.29409.12
MinimumVisualStudioVersion = 10.0.40219.1
Project("{2150E333-8FDC-42A3-9474-1A3956D46DE8}") = "Solution Items", "Solution Items", "{588665F8-3D23-4F82-ADE7-9B9A89AFC1CC}"
	ProjectSection(SolutionItems) = preProject
		SharedAssemblyInfo.cs = SharedAssemblyInfo.cs
		version.txt = version.txt
	EndProjectSection
EndProject
Project("{FAE04EC0-301F-11D3-BF4B-00C04F79EFBC}") = "LoxFramework", "LoxFramework\LoxFramework.csproj", "{3A257BA7-699C-4A03-B6F9-7F0BB1882389}"
EndProject
Project("{FAE04EC0-301F-11D3-BF4B-00C04F79EFBC}") = "GenerateAst", "GenerateAst\GenerateAst.csproj", "{76C357F4-0B3B-4AA3-8888-ABA3FCFE2A93}"
EndProject
Project("{FAE04EC0-301F-11D3-BF4B-00C04F79EFBC}") = "Lox", "Lox\Lox.csproj", "{305CE63A-23DB-4DC8-A32C-03986BFB3B86}"
EndProject
Project("{FAE04EC0-301F-11D3-BF4B-00C04F79EFBC}") = "UnitTests", "UnitTests\UnitTests.csproj", "{8EDF4429-251A-416D-BB68-93F227191BCF}"
EndProject
Project("{FAE04EC0-301F-11D3-BF4B-00C04F79EFBC}") = "LoxVM", "LoxVM\LoxVM.csproj", "{D4B45093-27D1-43B2-AE87-A00041272F91}"
EndProject
Global
	GlobalSection(SolutionConfigurationPlatforms) = preSolution
		Debug|Any CPU = Debug|Any CPU
		Release|Any CPU = Release|Any CPU
	EndGlobalSection
	GlobalSection(ProjectConfigurationPlatforms) = postSolution
		{3A257BA7-699C-4A03-B6F9-7F0BB1882389}.Debug|Any CPU.ActiveCfg = Debug|Any CPU
		{3A257BA7-699C-4A03-B6F9-7F0BB1882389}.Debug|Any CPU.Build.0 = Debug|Any CPU
		{3A257BA7-699C-4A03-B6F9-7F0BB1882389}.Release|Any CPU.ActiveCfg = Release|Any CPU
		{3A257BA7-699C-4A03-B6F9-7F0BB1882389}.Release|Any CPU.Build.0 = Release|Any CPU
		{76C357F4-0B3B-4AA3-8888-ABA3FCFE2A93}.Debug|Any CPU.ActiveCfg = Debug|Any CPU
		{76C357F4-0B3B-4AA3-8888-ABA3FCFE2A93}.Debug|Any CPU.Build.0 = Debug|Any CPU
		{76C357F4-0B3B-4AA3-8888-ABA3FCFE2A93}.Release|Any CPU.ActiveCfg = Release|Any CPU
		{76C357F4-0B3B-4AA3-8888-ABA3FCFE2A93}.Release|Any CPU.Build.0 = Release|Any CPU
		{305CE63A-23DB-4DC8-A32C-03986BFB3B86}.Debug|Any CPU.ActiveCfg = Debug|Any CPU
		{305CE63A-23DB-4DC8-A32C-03986BFB3B86}.Debug|Any CPU.Build.0 = Debug|Any CPU
		{305CE63A-23DB-4DC8-A32C-03986BFB3B86}.Release|Any CPU.ActiveCfg = Release|Any CPU
		{305CE63A-23DB-4DC8-A32C-03986BFB3B86}.Release|Any CPU.Build.0 = Release|Any CPU
		{8EDF4429-251A-416D-BB68-93F227191BCF}.Debug|Any CPU.ActiveCfg = Debug|Any CPU
		{8EDF4429-251A-416D-BB68-93F227191BCF}.Debug|Any CPU.Build.0 = Debug|Any CPU
		{8EDF4429-251A-416D-BB68-93F227191BCF}.Release|Any CPU.ActiveCfg = Release|Any CPU
		{8EDF4429-251A-416D-BB68-93F227191BCF}.Release|Any CPU.Build.0 = Release|Any CPU
		{D4B45093-27D1-43B2-AE87-A00041272F91}.Debug|Any CPU.ActiveCfg = Debug|Any CPU
		{D4B45093-27D1-43B2-AE87-A00041272F91}.Debug|Any CPU.Build.0 = Debug|Any CPU
		{D4B45093-27D1-43B2-AE87-A00041272F91}.Release|Any CPU.ActiveCfg = Release|Any CPU
		{D4B45093-27D1-43B2-AE87-A00041272F91}.Release|Any CPU.Build.0 = Release|Any CPU
	EndGlobalSection
	GlobalSection(SolutionProperties) = preSolution
		HideSolutionNode = FALSE
	EndGlobalSection
	GlobalSection(ExtensibilityGlobals) = postSolution
		SolutionGuid = {4D503174-0617-48B1-9888-8739889C370A}
	EndGlobalSection
EndGlobal
