
Microsoft Visual Studio Solution File, Format Version 12.00
# Visual Studio Version 16
VisualStudioVersion = 16.0.29409.12
MinimumVisualStudioVersion = 10.0.40219.1
Project("{FAE04EC0-301F-11D3-BF4B-00C04F79EFBC}") = "Lox", "Lox\Lox.csproj", "{667F9618-153D-469F-AFAA-63EB4BF87318}"
EndProject
Project("{FAE04EC0-301F-11D3-BF4B-00C04F79EFBC}") = "UnitTests", "UnitTests\UnitTests.csproj", "{8DFB1BC2-DB67-4571-BF80-9019DFA6F8AE}"
EndProject
Project("{FAE04EC0-301F-11D3-BF4B-00C04F79EFBC}") = "LoxFramework", "LoxFramework\LoxFramework.csproj", "{88EE3220-FF53-4066-B45C-20B25E1EE5DB}"
	ProjectSection(ProjectDependencies) = postProject
		{5405AD3C-1E82-4CEE-8073-226275F762BC} = {5405AD3C-1E82-4CEE-8073-226275F762BC}
	EndProjectSection
EndProject
Project("{2150E333-8FDC-42A3-9474-1A3956D46DE8}") = "Solution Items", "Solution Items", "{588665F8-3D23-4F82-ADE7-9B9A89AFC1CC}"
	ProjectSection(SolutionItems) = preProject
		SharedAssemblyInfo.cs = SharedAssemblyInfo.cs
		version.txt = version.txt
	EndProjectSection
EndProject
Project("{FAE04EC0-301F-11D3-BF4B-00C04F79EFBC}") = "GenerateAst", "GenerateAst\GenerateAst.csproj", "{5405AD3C-1E82-4CEE-8073-226275F762BC}"
EndProject
Project("{FAE04EC0-301F-11D3-BF4B-00C04F79EFBC}") = "AstPrinter", "AstPrinter\AstPrinter.csproj", "{A7EE6DEA-5840-4C1E-87B4-98D7E0F5E81C}"
EndProject
Global
	GlobalSection(SolutionConfigurationPlatforms) = preSolution
		Debug|Any CPU = Debug|Any CPU
		Release|Any CPU = Release|Any CPU
	EndGlobalSection
	GlobalSection(ProjectConfigurationPlatforms) = postSolution
		{667F9618-153D-469F-AFAA-63EB4BF87318}.Debug|Any CPU.ActiveCfg = Debug|Any CPU
		{667F9618-153D-469F-AFAA-63EB4BF87318}.Debug|Any CPU.Build.0 = Debug|Any CPU
		{667F9618-153D-469F-AFAA-63EB4BF87318}.Release|Any CPU.ActiveCfg = Release|Any CPU
		{667F9618-153D-469F-AFAA-63EB4BF87318}.Release|Any CPU.Build.0 = Release|Any CPU
		{8DFB1BC2-DB67-4571-BF80-9019DFA6F8AE}.Debug|Any CPU.ActiveCfg = Debug|Any CPU
		{8DFB1BC2-DB67-4571-BF80-9019DFA6F8AE}.Debug|Any CPU.Build.0 = Debug|Any CPU
		{8DFB1BC2-DB67-4571-BF80-9019DFA6F8AE}.Release|Any CPU.ActiveCfg = Release|Any CPU
		{8DFB1BC2-DB67-4571-BF80-9019DFA6F8AE}.Release|Any CPU.Build.0 = Release|Any CPU
		{88EE3220-FF53-4066-B45C-20B25E1EE5DB}.Debug|Any CPU.ActiveCfg = Debug|Any CPU
		{88EE3220-FF53-4066-B45C-20B25E1EE5DB}.Debug|Any CPU.Build.0 = Debug|Any CPU
		{88EE3220-FF53-4066-B45C-20B25E1EE5DB}.Release|Any CPU.ActiveCfg = Release|Any CPU
		{88EE3220-FF53-4066-B45C-20B25E1EE5DB}.Release|Any CPU.Build.0 = Release|Any CPU
		{5405AD3C-1E82-4CEE-8073-226275F762BC}.Debug|Any CPU.ActiveCfg = Debug|Any CPU
		{5405AD3C-1E82-4CEE-8073-226275F762BC}.Debug|Any CPU.Build.0 = Debug|Any CPU
		{5405AD3C-1E82-4CEE-8073-226275F762BC}.Release|Any CPU.ActiveCfg = Release|Any CPU
		{5405AD3C-1E82-4CEE-8073-226275F762BC}.Release|Any CPU.Build.0 = Release|Any CPU
		{A7EE6DEA-5840-4C1E-87B4-98D7E0F5E81C}.Debug|Any CPU.ActiveCfg = Debug|Any CPU
		{A7EE6DEA-5840-4C1E-87B4-98D7E0F5E81C}.Debug|Any CPU.Build.0 = Debug|Any CPU
		{A7EE6DEA-5840-4C1E-87B4-98D7E0F5E81C}.Release|Any CPU.ActiveCfg = Release|Any CPU
		{A7EE6DEA-5840-4C1E-87B4-98D7E0F5E81C}.Release|Any CPU.Build.0 = Release|Any CPU
	EndGlobalSection
	GlobalSection(SolutionProperties) = preSolution
		HideSolutionNode = FALSE
	EndGlobalSection
	GlobalSection(ExtensibilityGlobals) = postSolution
		SolutionGuid = {4D503174-0617-48B1-9888-8739889C370A}
	EndGlobalSection
EndGlobal
